// !$*UTF8*$!
{
	archiveVersion = 1;
	classes = {
	};
	objectVersion = 50;
	objects = {

/* Begin PBXBuildFile section */
		4B5F71C225EB2D1B00EC13E6 /* main.cpp in Sources */ = {isa = PBXBuildFile; fileRef = 4B5F71C125EB2D1B00EC13E6 /* main.cpp */; };
		4B5F71CD25EB351C00EC13E6 /* feature_extractor.cpp in Sources */ = {isa = PBXBuildFile; fileRef = 4B5F71CB25EB351C00EC13E6 /* feature_extractor.cpp */; };
		4B6A3D9B25F71A8F001C991D /* baddies.cpp in Sources */ = {isa = PBXBuildFile; fileRef = 4B6A3D9925F71A8F001C991D /* baddies.cpp */; };
		4B6A3DA025F973E4001C991D /* baddies_factory.cpp in Sources */ = {isa = PBXBuildFile; fileRef = 4B6A3D9E25F973E4001C991D /* baddies_factory.cpp */; };
/* End PBXBuildFile section */

/* Begin PBXCopyFilesBuildPhase section */
		4B5F71BC25EB2D1B00EC13E6 /* CopyFiles */ = {
			isa = PBXCopyFilesBuildPhase;
			buildActionMask = 2147483647;
			dstPath = /usr/share/man/man1/;
			dstSubfolderSpec = 0;
			files = (
			);
			runOnlyForDeploymentPostprocessing = 1;
		};
/* End PBXCopyFilesBuildPhase section */

/* Begin PBXFileReference section */
		4B5F71BE25EB2D1B00EC13E6 /* ToTheMoon */ = {isa = PBXFileReference; explicitFileType = "compiled.mach-o.executable"; includeInIndex = 0; path = ToTheMoon; sourceTree = BUILT_PRODUCTS_DIR; };
		4B5F71C125EB2D1B00EC13E6 /* main.cpp */ = {isa = PBXFileReference; lastKnownFileType = sourcecode.cpp.cpp; path = main.cpp; sourceTree = "<group>"; };
		4B5F71C825EB31DE00EC13E6 /* ToTheMoon.entitlements */ = {isa = PBXFileReference; lastKnownFileType = text.plist.entitlements; path = ToTheMoon.entitlements; sourceTree = "<group>"; };
		4B5F71C925EB331000EC13E6 /* song.mp4 */ = {isa = PBXFileReference; lastKnownFileType = file; name = song.mp4; path = ToTheMoon/song.mp4; sourceTree = "<group>"; };
		4B5F71CB25EB351C00EC13E6 /* feature_extractor.cpp */ = {isa = PBXFileReference; lastKnownFileType = sourcecode.cpp.cpp; path = feature_extractor.cpp; sourceTree = "<group>"; };
		4B5F71CC25EB351C00EC13E6 /* feature_extractor.hpp */ = {isa = PBXFileReference; lastKnownFileType = sourcecode.cpp.h; path = feature_extractor.hpp; sourceTree = "<group>"; };
		4B5F71CF25EBF7DB00EC13E6 /* ship_factory.hpp */ = {isa = PBXFileReference; lastKnownFileType = sourcecode.cpp.h; path = ship_factory.hpp; sourceTree = "<group>"; };
		4B6A3D9925F71A8F001C991D /* baddies.cpp */ = {isa = PBXFileReference; lastKnownFileType = sourcecode.cpp.cpp; path = baddies.cpp; sourceTree = "<group>"; };
		4B6A3D9A25F71A8F001C991D /* baddies.hpp */ = {isa = PBXFileReference; lastKnownFileType = sourcecode.cpp.h; path = baddies.hpp; sourceTree = "<group>"; };
		4B6A3D9D25F71B6E001C991D /* bitcoin.png */ = {isa = PBXFileReference; lastKnownFileType = image.png; name = bitcoin.png; path = ToTheMoon/bitcoin.png; sourceTree = "<group>"; };
		4B6A3D9E25F973E4001C991D /* baddies_factory.cpp */ = {isa = PBXFileReference; lastKnownFileType = sourcecode.cpp.cpp; path = baddies_factory.cpp; sourceTree = "<group>"; };
		4B6A3D9F25F973E4001C991D /* baddies_factory.hpp */ = {isa = PBXFileReference; lastKnownFileType = sourcecode.cpp.h; path = baddies_factory.hpp; sourceTree = "<group>"; };
		4B6A3DA125FB0F44001C991D /* moon.png */ = {isa = PBXFileReference; lastKnownFileType = image.png; name = moon.png; path = ToTheMoon/moon.png; sourceTree = "<group>"; };
		4B6A3DA325FB0F6D001C991D /* background.hpp */ = {isa = PBXFileReference; lastKnownFileType = sourcecode.cpp.h; path = background.hpp; sourceTree = "<group>"; };
/* End PBXFileReference section */

/* Begin PBXFrameworksBuildPhase section */
		4B5F71BB25EB2D1B00EC13E6 /* Frameworks */ = {
			isa = PBXFrameworksBuildPhase;
			buildActionMask = 2147483647;
			files = (
			);
			runOnlyForDeploymentPostprocessing = 0;
		};
/* End PBXFrameworksBuildPhase section */

/* Begin PBXGroup section */
		4B5F71B525EB2D1B00EC13E6 = {
			isa = PBXGroup;
			children = (
				4B5F71C025EB2D1B00EC13E6 /* ToTheMoon */,
				4B5F71BF25EB2D1B00EC13E6 /* Products */,
				4B5F71C925EB331000EC13E6 /* song.mp4 */,
				4B6A3DA125FB0F44001C991D /* moon.png */,
				4B6A3D9D25F71B6E001C991D /* bitcoin.png */,
			);
			sourceTree = "<group>";
		};
		4B5F71BF25EB2D1B00EC13E6 /* Products */ = {
			isa = PBXGroup;
			children = (
				4B5F71BE25EB2D1B00EC13E6 /* ToTheMoon */,
			);
			name = Products;
			sourceTree = "<group>";
		};
		4B5F71C025EB2D1B00EC13E6 /* ToTheMoon */ = {
			isa = PBXGroup;
			children = (
				4B5F71C825EB31DE00EC13E6 /* ToTheMoon.entitlements */,
				4B5F71C125EB2D1B00EC13E6 /* main.cpp */,
				4B5F71CB25EB351C00EC13E6 /* feature_extractor.cpp */,
				4B5F71CC25EB351C00EC13E6 /* feature_extractor.hpp */,
				4B5F71CF25EBF7DB00EC13E6 /* ship_factory.hpp */,
				4B6A3D9925F71A8F001C991D /* baddies.cpp */,
				4B6A3D9A25F71A8F001C991D /* baddies.hpp */,
				4B6A3D9E25F973E4001C991D /* baddies_factory.cpp */,
				4B6A3D9F25F973E4001C991D /* baddies_factory.hpp */,
				4B6A3DA325FB0F6D001C991D /* background.hpp */,
			);
			path = ToTheMoon;
			sourceTree = "<group>";
		};
/* End PBXGroup section */

/* Begin PBXNativeTarget section */
		4B5F71BD25EB2D1B00EC13E6 /* ToTheMoon */ = {
			isa = PBXNativeTarget;
			buildConfigurationList = 4B5F71C525EB2D1B00EC13E6 /* Build configuration list for PBXNativeTarget "ToTheMoon" */;
			buildPhases = (
				4B5F71BA25EB2D1B00EC13E6 /* Sources */,
				4B5F71BB25EB2D1B00EC13E6 /* Frameworks */,
				4B5F71BC25EB2D1B00EC13E6 /* CopyFiles */,
			);
			buildRules = (
			);
			dependencies = (
			);
			name = ToTheMoon;
			productName = ToTheMoon;
			productReference = 4B5F71BE25EB2D1B00EC13E6 /* ToTheMoon */;
			productType = "com.apple.product-type.tool";
		};
/* End PBXNativeTarget section */

/* Begin PBXProject section */
		4B5F71B625EB2D1B00EC13E6 /* Project object */ = {
			isa = PBXProject;
			attributes = {
				LastUpgradeCheck = 1150;
				ORGANIZATIONNAME = "Nicholas Bulka";
				TargetAttributes = {
					4B5F71BD25EB2D1B00EC13E6 = {
						CreatedOnToolsVersion = 11.5;
					};
				};
			};
			buildConfigurationList = 4B5F71B925EB2D1B00EC13E6 /* Build configuration list for PBXProject "ToTheMoon" */;
			compatibilityVersion = "Xcode 9.3";
			developmentRegion = en;
			hasScannedForEncodings = 0;
			knownRegions = (
				en,
				Base,
			);
			mainGroup = 4B5F71B525EB2D1B00EC13E6;
			productRefGroup = 4B5F71BF25EB2D1B00EC13E6 /* Products */;
			projectDirPath = "";
			projectRoot = "";
			targets = (
				4B5F71BD25EB2D1B00EC13E6 /* ToTheMoon */,
			);
		};
/* End PBXProject section */

/* Begin PBXSourcesBuildPhase section */
		4B5F71BA25EB2D1B00EC13E6 /* Sources */ = {
			isa = PBXSourcesBuildPhase;
			buildActionMask = 2147483647;
			files = (
				4B5F71C225EB2D1B00EC13E6 /* main.cpp in Sources */,
				4B5F71CD25EB351C00EC13E6 /* feature_extractor.cpp in Sources */,
				4B6A3D9B25F71A8F001C991D /* baddies.cpp in Sources */,
				4B6A3DA025F973E4001C991D /* baddies_factory.cpp in Sources */,
			);
			runOnlyForDeploymentPostprocessing = 0;
		};
/* End PBXSourcesBuildPhase section */

/* Begin XCBuildConfiguration section */
		4B5F71C325EB2D1B00EC13E6 /* Debug */ = {
			isa = XCBuildConfiguration;
			buildSettings = {
				ALWAYS_SEARCH_USER_PATHS = NO;
				CLANG_ANALYZER_NONNULL = YES;
				CLANG_ANALYZER_NUMBER_OBJECT_CONVERSION = YES_AGGRESSIVE;
				CLANG_CXX_LANGUAGE_STANDARD = "gnu++14";
				CLANG_CXX_LIBRARY = "libc++";
				CLANG_ENABLE_MODULES = YES;
				CLANG_ENABLE_OBJC_ARC = YES;
				CLANG_ENABLE_OBJC_WEAK = YES;
				CLANG_WARN_BLOCK_CAPTURE_AUTORELEASING = YES;
				CLANG_WARN_BOOL_CONVERSION = YES;
				CLANG_WARN_COMMA = YES;
				CLANG_WARN_CONSTANT_CONVERSION = YES;
				CLANG_WARN_DEPRECATED_OBJC_IMPLEMENTATIONS = YES;
				CLANG_WARN_DIRECT_OBJC_ISA_USAGE = YES_ERROR;
				CLANG_WARN_DOCUMENTATION_COMMENTS = YES;
				CLANG_WARN_EMPTY_BODY = YES;
				CLANG_WARN_ENUM_CONVERSION = YES;
				CLANG_WARN_INFINITE_RECURSION = YES;
				CLANG_WARN_INT_CONVERSION = YES;
				CLANG_WARN_NON_LITERAL_NULL_CONVERSION = YES;
				CLANG_WARN_OBJC_IMPLICIT_RETAIN_SELF = YES;
				CLANG_WARN_OBJC_LITERAL_CONVERSION = YES;
				CLANG_WARN_OBJC_ROOT_CLASS = YES_ERROR;
				CLANG_WARN_RANGE_LOOP_ANALYSIS = YES;
				CLANG_WARN_STRICT_PROTOTYPES = YES;
				CLANG_WARN_SUSPICIOUS_MOVE = YES;
				CLANG_WARN_UNGUARDED_AVAILABILITY = YES_AGGRESSIVE;
				CLANG_WARN_UNREACHABLE_CODE = YES;
				CLANG_WARN__DUPLICATE_METHOD_MATCH = YES;
				COPY_PHASE_STRIP = NO;
				DEBUG_INFORMATION_FORMAT = dwarf;
				ENABLE_STRICT_OBJC_MSGSEND = YES;
				ENABLE_TESTABILITY = YES;
				GCC_C_LANGUAGE_STANDARD = gnu11;
				GCC_DYNAMIC_NO_PIC = NO;
				GCC_NO_COMMON_BLOCKS = YES;
				GCC_OPTIMIZATION_LEVEL = 0;
				GCC_PREPROCESSOR_DEFINITIONS = (
					"DEBUG=1",
					"$(inherited)",
				);
				GCC_WARN_64_TO_32_BIT_CONVERSION = YES;
				GCC_WARN_ABOUT_RETURN_TYPE = YES_ERROR;
				GCC_WARN_UNDECLARED_SELECTOR = YES;
				GCC_WARN_UNINITIALIZED_AUTOS = YES_AGGRESSIVE;
				GCC_WARN_UNUSED_FUNCTION = YES;
				GCC_WARN_UNUSED_VARIABLE = YES;
				HEADER_SEARCH_PATHS = /usr/local/include/opencv4;
				LIBRARY_SEARCH_PATHS = /usr/local/lib;
				MACOSX_DEPLOYMENT_TARGET = 10.15;
				MTL_ENABLE_DEBUG_INFO = INCLUDE_SOURCE;
				MTL_FAST_MATH = YES;
				ONLY_ACTIVE_ARCH = YES;
				OTHER_LDFLAGS = (
					"-lopencv_videoio",
					"-lopencv_core",
					"-lopencv_imgcodecs",
					"-v",
					"-lopencv_objdetect",
					"-lopencv_video",
					"-lopencv_features2d",
					"-lopencv_highgui",
					"-lopencv_ml",
					"-lopencv_imgproc",
				);
				SDKROOT = macosx;
			};
			name = Debug;
		};
		4B5F71C425EB2D1B00EC13E6 /* Release */ = {
			isa = XCBuildConfiguration;
			buildSettings = {
				ALWAYS_SEARCH_USER_PATHS = NO;
				CLANG_ANALYZER_NONNULL = YES;
				CLANG_ANALYZER_NUMBER_OBJECT_CONVERSION = YES_AGGRESSIVE;
				CLANG_CXX_LANGUAGE_STANDARD = "gnu++14";
				CLANG_CXX_LIBRARY = "libc++";
				CLANG_ENABLE_MODULES = YES;
				CLANG_ENABLE_OBJC_ARC = YES;
				CLANG_ENABLE_OBJC_WEAK = YES;
				CLANG_WARN_BLOCK_CAPTURE_AUTORELEASING = YES;
				CLANG_WARN_BOOL_CONVERSION = YES;
				CLANG_WARN_COMMA = YES;
				CLANG_WARN_CONSTANT_CONVERSION = YES;
				CLANG_WARN_DEPRECATED_OBJC_IMPLEMENTATIONS = YES;
				CLANG_WARN_DIRECT_OBJC_ISA_USAGE = YES_ERROR;
				CLANG_WARN_DOCUMENTATION_COMMENTS = YES;
				CLANG_WARN_EMPTY_BODY = YES;
				CLANG_WARN_ENUM_CONVERSION = YES;
				CLANG_WARN_INFINITE_RECURSION = YES;
				CLANG_WARN_INT_CONVERSION = YES;
				CLANG_WARN_NON_LITERAL_NULL_CONVERSION = YES;
				CLANG_WARN_OBJC_IMPLICIT_RETAIN_SELF = YES;
				CLANG_WARN_OBJC_LITERAL_CONVERSION = YES;
				CLANG_WARN_OBJC_ROOT_CLASS = YES_ERROR;
				CLANG_WARN_RANGE_LOOP_ANALYSIS = YES;
				CLANG_WARN_STRICT_PROTOTYPES = YES;
				CLANG_WARN_SUSPICIOUS_MOVE = YES;
				CLANG_WARN_UNGUARDED_AVAILABILITY = YES_AGGRESSIVE;
				CLANG_WARN_UNREACHABLE_CODE = YES;
				CLANG_WARN__DUPLICATE_METHOD_MATCH = YES;
				COPY_PHASE_STRIP = NO;
				DEBUG_INFORMATION_FORMAT = "dwarf-with-dsym";
				ENABLE_NS_ASSERTIONS = NO;
				ENABLE_STRICT_OBJC_MSGSEND = YES;
				GCC_C_LANGUAGE_STANDARD = gnu11;
				GCC_NO_COMMON_BLOCKS = YES;
				GCC_WARN_64_TO_32_BIT_CONVERSION = YES;
				GCC_WARN_ABOUT_RETURN_TYPE = YES_ERROR;
				GCC_WARN_UNDECLARED_SELECTOR = YES;
				GCC_WARN_UNINITIALIZED_AUTOS = YES_AGGRESSIVE;
				GCC_WARN_UNUSED_FUNCTION = YES;
				GCC_WARN_UNUSED_VARIABLE = YES;
				HEADER_SEARCH_PATHS = /usr/local/include/opencv4;
				LIBRARY_SEARCH_PATHS = /usr/local/lib;
				MACOSX_DEPLOYMENT_TARGET = 10.15;
				MTL_ENABLE_DEBUG_INFO = NO;
				MTL_FAST_MATH = YES;
				OTHER_LDFLAGS = (
					"-lopencv_videoio",
					"-lopencv_core",
					"-lopencv_imgcodecs",
					"-v",
					"-lopencv_objdetect",
					"-lopencv_video",
					"-lopencv_features2d",
					"-lopencv_highgui",
					"-lopencv_ml",
					"-lopencv_imgproc",
				);
				SDKROOT = macosx;
			};
			name = Release;
		};
		4B5F71C625EB2D1B00EC13E6 /* Debug */ = {
			isa = XCBuildConfiguration;
			buildSettings = {
				CODE_SIGN_ENTITLEMENTS = ToTheMoon/ToTheMoon.entitlements;
				CODE_SIGN_STYLE = Automatic;
				DEVELOPMENT_TEAM = 8GFL8HL25V;
				ENABLE_HARDENED_RUNTIME = YES;
				NEW_SETTING = "";
				PRODUCT_NAME = "$(TARGET_NAME)";
			};
			name = Debug;
		};
		4B5F71C725EB2D1B00EC13E6 /* Release */ = {
			isa = XCBuildConfiguration;
			buildSettings = {
				CODE_SIGN_ENTITLEMENTS = ToTheMoon/ToTheMoon.entitlements;
				CODE_SIGN_STYLE = Automatic;
				DEVELOPMENT_TEAM = 8GFL8HL25V;
				ENABLE_HARDENED_RUNTIME = YES;
				NEW_SETTING = "";
				PRODUCT_NAME = "$(TARGET_NAME)";
			};
			name = Release;
		};
/* End XCBuildConfiguration section */

/* Begin XCConfigurationList section */
		4B5F71B925EB2D1B00EC13E6 /* Build configuration list for PBXProject "ToTheMoon" */ = {
			isa = XCConfigurationList;
			buildConfigurations = (
				4B5F71C325EB2D1B00EC13E6 /* Debug */,
				4B5F71C425EB2D1B00EC13E6 /* Release */,
			);
			defaultConfigurationIsVisible = 0;
			defaultConfigurationName = Release;
		};
		4B5F71C525EB2D1B00EC13E6 /* Build configuration list for PBXNativeTarget "ToTheMoon" */ = {
			isa = XCConfigurationList;
			buildConfigurations = (
				4B5F71C625EB2D1B00EC13E6 /* Debug */,
				4B5F71C725EB2D1B00EC13E6 /* Release */,
			);
			defaultConfigurationIsVisible = 0;
			defaultConfigurationName = Release;
		};
/* End XCConfigurationList section */
	};
	rootObject = 4B5F71B625EB2D1B00EC13E6 /* Project object */;
}
